# This file was autogenerated by Stack.
# You should not edit this file by hand.
# For more information, please see the documentation at:
#   https://docs.haskellstack.org/en/stable/lock_files

packages:
- completed:
    hackage: aeson-1.5.3.0@sha256:05496710de6ae694e55dc77dbdaf7503f56c24e4aecc06045e42e75a02df8bc4,6906
    pantry-tree:
      size: 39759
      sha256: 6290ffac2ea3e52b57d869306d12dbf32c07d17099f695f035ff7f756677831d
  original:
    hackage: aeson-1.5.3.0
- completed:
    hackage: data-fix-0.3.0@sha256:058a266d1e658500e0ffb8babe68195b0ce06a081dcfc3814afc784b083fd9a5,1645
    pantry-tree:
      size: 261
      sha256: 6cf43af344624e087dbe2f1e96e985de6142e85bb02db8449df6d72bee3c1013
  original:
    hackage: data-fix-0.3.0
- completed:
    hackage: primitive-0.7.1.0@sha256:6a237bb338bcc43193077ff8e8c0f0ce2de14c652231496a15672e8b563a07e2,2604
    pantry-tree:
      size: 1376
      sha256: 924e88629b493abb6b2f3c3029cef076554a2b627091e3bb6887ec03487a707d
  original:
    hackage: primitive-0.7.1.0
- completed:
    hackage: strict-0.4@sha256:1b50c7c9c636c3a1bbc7f8873b9be48f6ca0faca4df6eec6a014de6208fb1c0e,4200
    pantry-tree:
      size: 654
      sha256: fdf523b8990567d69277b999d68d492ed0b3a98a89b1acdfb3087e3b95eb9908
  original:
    hackage: strict-0.4
- completed:
    hackage: these-1.1.1.1@sha256:3b63a3942f1da4ff97786221e3c654b969b54d570fef2cf4db97da4ea26a36cc,2609
    pantry-tree:
      size: 351
      sha256: 9dbf8c39e2962926d5fb2c7bffba5e3407fed67a581ef60e2eaf3cb0c5778074
  original:
    hackage: these-1.1.1.1
- completed:
    hackage: dlist-1.0@sha256:124cb3aa1decebd5171b46601b1f74cca6cfae12d266ace3799b86dd05ef7cb4,3560
    pantry-tree:
      size: 953
      sha256: 8467afe9c94b2756e5703fed0950b51418bd877acbdd72e9dc3488b8f28f4e82
  original:
    hackage: dlist-1.0
- completed:
    hackage: vinyl-0.13.0@sha256:0f247cd3f8682b30881a07de18e6fec52d540646fbcb328420049cc8d63cd407,3724
    pantry-tree:
      size: 1857
      sha256: 860fb95820b595161cdbdec5f376100ebae2d14e5ef0dbe311546202f7525d01
  original:
    hackage: vinyl-0.13.0
snapshots:
- completed:
    size: 418289
    url: https://raw.githubusercontent.com/commercialhaskell/stackage-snapshots/master/nightly/2019/11/10.yaml
    sha256: 503940a87dace1cdd2c1967f626bd189524e07c892bbd6d444a4fa39107212d2
  original: nightly-2019-11-10
