# This file was autogenerated by Stack.
# You should not edit this file by hand.
# For more information, please see the documentation at:
#   https://docs.haskellstack.org/en/stable/lock_files

packages:
- completed:
    hackage: hedgehog-1.0@sha256:440dafedac48a34eac3871f8622b215462cfc0708536cb0458b7a8cf38247c69,4463
    pantry-tree:
      size: 2409
      sha256: 985f5ddc16bc1fd4b0c33d4b4e6f54d205fc63aa97b5912b0fcb370dc2a672e3
  original:
    hackage: hedgehog-1.0
- completed:
    hackage: tasty-hedgehog-1.0.0.1@sha256:cdcf60a29195bd0d819d3018c11db2e0deb7c6e559ad940c49409a5a7a982f83,1766
    pantry-tree:
      size: 330
      sha256: 7c26d9584f8ad1a86d9f5cbd6f5a8b81219eaee992e5a098ddab29a6c0b4b2bf
  original:
    hackage: tasty-hedgehog-1.0.0.1
- completed:
    hackage: trivial-constraint-0.5.1.0@sha256:80f052aa9527ed23fe4bf5066535d5a393a1573b9c193a4cddd2c51ab12b310f,1767
    pantry-tree:
      size: 234
      sha256: 92c37318759cbff761155e9d23f786a1e0b62f154cb3edfb6e87f91bc7bf821c
  original:
    hackage: trivial-constraint-0.5.1.0
snapshots:
- completed:
    size: 511614
    url: https://raw.githubusercontent.com/commercialhaskell/stackage-snapshots/master/nightly/2019/6/10.yaml
    sha256: e9389ccd6c48a88c5c1727fe105204bc5615dd3f8ba4d2db6e79d476755f0c65
  original: nightly-2019-06-10
