# This file was autogenerated by Stack.
# You should not edit this file by hand.
# For more information, please see the documentation at:
#   https://docs.haskellstack.org/en/stable/lock_files

packages:
- completed:
    hackage: vinyl-0.13.0@sha256:0f247cd3f8682b30881a07de18e6fec52d540646fbcb328420049cc8d63cd407,3724
    pantry-tree:
      size: 1857
      sha256: 860fb95820b595161cdbdec5f376100ebae2d14e5ef0dbe311546202f7525d01
  original:
    hackage: vinyl-0.13.0
- completed:
    hackage: assoc-1.0.1@sha256:305770dfe76319749f704a1f23240f806d22905dae1aa54e6d57dc747662dae0,1205
    pantry-tree:
      size: 289
      sha256: 232774663931b69e94415d63e808f99251246a6bdd3f9ef3449a6bc2293e75c1
  original:
    hackage: assoc-1.0.1
- completed:
    hackage: trivial-constraint-0.6.0.0@sha256:117b4aed290097f48fa87fd18e8e365c1b58b917cf0397d3bc36fd89fc53e0d5,4093
    pantry-tree:
      size: 234
      sha256: f199a6c270fc5d77c17f678d1c14713aa5934a6e8706a039c4bd705d989f5f0f
  original:
    hackage: trivial-constraint-0.6.0.0
- completed:
    hackage: constraints-extras-0.3.0.2@sha256:013b8d0392582c6ca068e226718a4fe8be8e22321cc0634f6115505bf377ad26,1853
    pantry-tree:
      size: 594
      sha256: 3ce1012bfb02e4d7def9df19ce80b8cd2b472c691b25b181d9960638673fecd1
  original:
    hackage: constraints-extras-0.3.0.2
- completed:
    hackage: dependent-sum-0.7.1.0@sha256:0e419237f5b86da3659772afff9cab355c0f8d5b3fdb15a5b30e673d8dc83941,2147
    pantry-tree:
      size: 290
      sha256: 009601e5d33e835c7a384e240c5c6ad12643bce9c54b2a0b07201daee3380e51
  original:
    hackage: dependent-sum-0.7.1.0
- completed:
    hackage: tasty-hedgehog-1.0.0.2@sha256:084d3cb5966cf01431cf0f8ab982a7925f8aaf5f98e8578581624812fe93478b,1845
    pantry-tree:
      size: 330
      sha256: 15899feda4c9e1e3d5a9592d7760465752f2e2cc484e2ed4034d7bb75235018c
  original:
    hackage: tasty-hedgehog-1.0.0.2
- completed:
    hackage: hedgehog-1.0.3@sha256:12d8626145a34f8d4f64120807d26e723f139b448f1c7960adfa7c1d647c1c6c,4793
    pantry-tree:
      size: 2621
      sha256: 7aabd2eff03d314ef7a1eb2eab1271dc9f71052e62f23bf941f7324ccabf6783
  original:
    hackage: hedgehog-1.0.3
- completed:
    hackage: some-1.0.1@sha256:26e5bab7276f48b25ea8660d3fd1166c0f20fd497dac879a40f408e23211f93e,2055
    pantry-tree:
      size: 708
      sha256: c882b6ebe8a0616f1ab3908f1620087ad5c6d8d82d1a72b99226f6487419bfe6
  original:
    hackage: some-1.0.1
- completed:
    hackage: semigroupoids-5.3.5@sha256:e9ad7265a3baca520054fd2f9d6b1ebe6779502dc377550c99dee43e88555a8f,7439
    pantry-tree:
      size: 1834
      sha256: c486e6cddb9c3c2ce6ba074a3e95dd5511eb85b95d702ee3f3cb7e013943ea95
  original:
    hackage: semigroupoids-5.3.5
- completed:
    hackage: nonempty-containers-0.3.4.4@sha256:a39a1373560ce7e8ed448712bf157d0be671045bdc18ed7c9edc4ea7df43dbf2,2705
    pantry-tree:
      size: 1480
      sha256: bf30d8ae66f36d109cad6853f2e91693ba6b38253010cb83d35fe87c118ad500
  original:
    hackage: nonempty-containers-0.3.4.4
snapshots:
- completed:
    size: 532379
    url: https://raw.githubusercontent.com/commercialhaskell/stackage-snapshots/master/lts/16/8.yaml
    sha256: 2ad3210d2ad35f3176005d68369a18e4d984517bfaa2caade76f28ed0b2e0521
  original: lts-16.8
